
Microsoft Visual Studio Solution File, Format Version 12.00
# Visual Studio Version 16
VisualStudioVersion = 16.0.30128.74
MinimumVisualStudioVersion = 10.0.40219.1
Project("{9A19103F-16F7-4668-BE54-9A1E7A4F7556}") = "SendSMS", "SendSMS\SendSMS.csproj", "{E789DDC8-AA98-4EC5-8791-23D36402A2C3}"
EndProject
Project("{2150E333-8FDC-42A3-9474-1A3956D46DE8}") = "Solution Items", "Solution Items", "{30CCAB02-8032-473D-92DF-878D95BD440E}"
	ProjectSection(SolutionItems) = preProject
		nuget.config = nuget.config
	EndProjectSection
EndProject
Global
	GlobalSection(SolutionConfigurationPlatforms) = preSolution
		Debug|Any CPU = Debug|Any CPU
		Release|Any CPU = Release|Any CPU
	EndGlobalSection
	GlobalSection(ProjectConfigurationPlatforms) = postSolution
		{E789DDC8-AA98-4EC5-8791-23D36402A2C3}.Debug|Any CPU.ActiveCfg = Debug|Any CPU
		{E789DDC8-AA98-4EC5-8791-23D36402A2C3}.Debug|Any CPU.Build.0 = Debug|Any CPU
		{E789DDC8-AA98-4EC5-8791-23D36402A2C3}.Release|Any CPU.ActiveCfg = Release|Any CPU
		{E789DDC8-AA98-4EC5-8791-23D36402A2C3}.Release|Any CPU.Build.0 = Release|Any CPU
	EndGlobalSection
	GlobalSection(SolutionProperties) = preSolution
		HideSolutionNode = FALSE
	EndGlobalSection
	GlobalSection(ExtensibilityGlobals) = postSolution
		SolutionGuid = {BA89A8AD-CA44-42ED-AD28-A6387917B304}
	EndGlobalSection
EndGlobal
